{
  "name": "clean-npm-fixture",
  "lockfileVersion": 3,
  "requires": true,
  "packages": {
    "": {
      "name": "clean-npm-fixture",
      "dependencies": {
        "left-pad": "^1.3.0"
      }
    },
    "node_modules/left-pad": {
      "version": "1.3.0",
      "resolved": "https://registry.npmjs.org/left-pad/-/left-pad-1.3.0.tgz",
      "integrity": "sha512-fixture",
      "dependencies": {
        "noop": "^1.0.0"
      }
    },
    "node_modules/noop": {
      "version": "1.0.0",
      "resolved": "https://registry.npmjs.org/noop/-/noop-1.0.0.tgz",
      "integrity": "sha512-fixture"
    }
  }
}
