# yarn lockfile v1

parent@1.0.0:
  version "1.0.0"
  resolved "https://registry.npmjs.org/parent/-/parent-1.0.0.tgz"
  integrity sha512-parent-fixture
  dependencies:
    required-child "1.0.0"
  optionalDependencies:
    optional-child "1.0.0"

required-child@1.0.0:
  version "1.0.0"
  resolved "https://registry.npmjs.org/required-child/-/required-child-1.0.0.tgz"
  integrity sha512-required-fixture

optional-child@1.0.0:
  version "1.0.0"
  resolved "https://registry.npmjs.org/optional-child/-/optional-child-1.0.0.tgz"
  integrity sha512-optional-fixture
